// !$*UTF8*$!
{
	archiveVersion = 1;
	classes = {
	};
	objectVersion = 48;
	objects = {

/* Begin PBXBuildFile section */
		09B56085202ED1EE0084EFBA /* Main.storyboard in Resources */ = {isa = PBXBuildFile; fileRef = 09B56083202ED1EE0084EFBA /* Main.storyboard */; };
		09B56087202ED1EE0084EFBA /* Assets.xcassets in Resources */ = {isa = PBXBuildFile; fileRef = 09B56086202ED1EE0084EFBA /* Assets.xcassets */; };
		09B5608A202ED1EE0084EFBA /* LaunchScreen.storyboard in Resources */ = {isa = PBXBuildFile; fileRef = 09B56088202ED1EE0084EFBA /* LaunchScreen.storyboard */; };
		09B5608D202ED1EE0084EFBA /* main.m in Sources */ = {isa = PBXBuildFile; fileRef = 09B5608C202ED1EE0084EFBA /* main.m */; };
		09B560AB202ED6DE0084EFBA /* AppDelegate.m in Sources */ = {isa = PBXBuildFile; fileRef = 09B5609D202ED6DE0084EFBA /* AppDelegate.m */; };
		09B560B1202EE8EE0084EFBA /* WMTabbarViewController.m in Sources */ = {isa = PBXBuildFile; fileRef = 09B560B0202EE8EE0084EFBA /* WMTabbarViewController.m */; };
		09B560B4202EE92D0084EFBA /* WMTabbar.m in Sources */ = {isa = PBXBuildFile; fileRef = 09B560B3202EE92D0084EFBA /* WMTabbar.m */; };
		09B560B7202EF3FC0084EFBA /* WMBaseViewController.m in Sources */ = {isa = PBXBuildFile; fileRef = 09B560B6202EF3FC0084EFBA /* WMBaseViewController.m */; };
		09B560BB202EF4200084EFBA /* WMShowViewController.m in Sources */ = {isa = PBXBuildFile; fileRef = 09B560B9202EF4200084EFBA /* WMShowViewController.m */; };
		09B560BC202EF4200084EFBA /* WMShowViewController.xib in Resources */ = {isa = PBXBuildFile; fileRef = 09B560BA202EF4200084EFBA /* WMShowViewController.xib */; };
		09B560C0202EF44F0084EFBA /* WMMeViewController.m in Sources */ = {isa = PBXBuildFile; fileRef = 09B560BE202EF44F0084EFBA /* WMMeViewController.m */; };
		09B560C1202EF44F0084EFBA /* WMMeViewController.xib in Resources */ = {isa = PBXBuildFile; fileRef = 09B560BF202EF44F0084EFBA /* WMMeViewController.xib */; };
		09B560C4202EF5600084EFBA /* WMBaseNavViewController.m in Sources */ = {isa = PBXBuildFile; fileRef = 09B560C3202EF5600084EFBA /* WMBaseNavViewController.m */; };
		09B560C8202FEF8B0084EFBA /* WMLaunchViewController.m in Sources */ = {isa = PBXBuildFile; fileRef = 09B560C6202FEF8B0084EFBA /* WMLaunchViewController.m */; };
		09B560C9202FEF8B0084EFBA /* WMLaunchViewController.xib in Resources */ = {isa = PBXBuildFile; fileRef = 09B560C7202FEF8B0084EFBA /* WMLaunchViewController.xib */; };
		09B560CD20303BD20084EFBA /* WMFouceViewController.m in Sources */ = {isa = PBXBuildFile; fileRef = 09B560CB20303BD20084EFBA /* WMFouceViewController.m */; };
		09B560CE20303BD20084EFBA /* WMFouceViewController.xib in Resources */ = {isa = PBXBuildFile; fileRef = 09B560CC20303BD20084EFBA /* WMFouceViewController.xib */; };
		09B560D220303BE50084EFBA /* WMHotViewController.m in Sources */ = {isa = PBXBuildFile; fileRef = 09B560D020303BE50084EFBA /* WMHotViewController.m */; };
		09B560D320303BE50084EFBA /* WMHotViewController.xib in Resources */ = {isa = PBXBuildFile; fileRef = 09B560D120303BE50084EFBA /* WMHotViewController.xib */; };
		09B560D720303BFC0084EFBA /* WMNearViewController.m in Sources */ = {isa = PBXBuildFile; fileRef = 09B560D520303BFC0084EFBA /* WMNearViewController.m */; };
		09B560D820303BFC0084EFBA /* WMNearViewController.xib in Resources */ = {isa = PBXBuildFile; fileRef = 09B560D620303BFC0084EFBA /* WMNearViewController.xib */; };
		BDFFFE5FA82DDAB368A8B8DA /* libPods-copyYinke.a in Frameworks */ = {isa = PBXBuildFile; fileRef = 9F58B853BC4C4DF9FCCBBC7E /* libPods-copyYinke.a */; };
/* End PBXBuildFile section */

/* Begin PBXFileReference section */
		09B5607A202ED1EE0084EFBA /* copyYinke.app */ = {isa = PBXFileReference; explicitFileType = wrapper.application; includeInIndex = 0; path = copyYinke.app; sourceTree = BUILT_PRODUCTS_DIR; };
		09B56084202ED1EE0084EFBA /* Base */ = {isa = PBXFileReference; lastKnownFileType = file.storyboard; name = Base; path = Base.lproj/Main.storyboard; sourceTree = "<group>"; };
		09B56086202ED1EE0084EFBA /* Assets.xcassets */ = {isa = PBXFileReference; lastKnownFileType = folder.assetcatalog; path = Assets.xcassets; sourceTree = "<group>"; };
		09B56089202ED1EE0084EFBA /* Base */ = {isa = PBXFileReference; lastKnownFileType = file.storyboard; name = Base; path = Base.lproj/LaunchScreen.storyboard; sourceTree = "<group>"; };
		09B5608B202ED1EE0084EFBA /* Info.plist */ = {isa = PBXFileReference; lastKnownFileType = text.plist.xml; path = Info.plist; sourceTree = "<group>"; };
		09B5608C202ED1EE0084EFBA /* main.m */ = {isa = PBXFileReference; lastKnownFileType = sourcecode.c.objc; path = main.m; sourceTree = "<group>"; };
		09B5609C202ED6DE0084EFBA /* AppDelegate.h */ = {isa = PBXFileReference; fileEncoding = 4; lastKnownFileType = sourcecode.c.h; path = AppDelegate.h; sourceTree = "<group>"; };
		09B5609D202ED6DE0084EFBA /* AppDelegate.m */ = {isa = PBXFileReference; fileEncoding = 4; lastKnownFileType = sourcecode.c.objc; path = AppDelegate.m; sourceTree = "<group>"; };
		09B560AD202EDCBD0084EFBA /* yinke.pch */ = {isa = PBXFileReference; lastKnownFileType = sourcecode.c.h; path = yinke.pch; sourceTree = "<group>"; };
		09B560AE202EE50B0084EFBA /* WMMacros.h */ = {isa = PBXFileReference; lastKnownFileType = sourcecode.c.h; path = WMMacros.h; sourceTree = "<group>"; };
		09B560AF202EE8EE0084EFBA /* WMTabbarViewController.h */ = {isa = PBXFileReference; lastKnownFileType = sourcecode.c.h; path = WMTabbarViewController.h; sourceTree = "<group>"; };
		09B560B0202EE8EE0084EFBA /* WMTabbarViewController.m */ = {isa = PBXFileReference; lastKnownFileType = sourcecode.c.objc; path = WMTabbarViewController.m; sourceTree = "<group>"; };
		09B560B2202EE92D0084EFBA /* WMTabbar.h */ = {isa = PBXFileReference; lastKnownFileType = sourcecode.c.h; path = WMTabbar.h; sourceTree = "<group>"; };
		09B560B3202EE92D0084EFBA /* WMTabbar.m */ = {isa = PBXFileReference; lastKnownFileType = sourcecode.c.objc; path = WMTabbar.m; sourceTree = "<group>"; };
		09B560B5202EF3FC0084EFBA /* WMBaseViewController.h */ = {isa = PBXFileReference; lastKnownFileType = sourcecode.c.h; path = WMBaseViewController.h; sourceTree = "<group>"; };
		09B560B6202EF3FC0084EFBA /* WMBaseViewController.m */ = {isa = PBXFileReference; lastKnownFileType = sourcecode.c.objc; path = WMBaseViewController.m; sourceTree = "<group>"; };
		09B560B8202EF4200084EFBA /* WMShowViewController.h */ = {isa = PBXFileReference; lastKnownFileType = sourcecode.c.h; path = WMShowViewController.h; sourceTree = "<group>"; };
		09B560B9202EF4200084EFBA /* WMShowViewController.m */ = {isa = PBXFileReference; lastKnownFileType = sourcecode.c.objc; path = WMShowViewController.m; sourceTree = "<group>"; };
		09B560BA202EF4200084EFBA /* WMShowViewController.xib */ = {isa = PBXFileReference; lastKnownFileType = file.xib; path = WMShowViewController.xib; sourceTree = "<group>"; };
		09B560BD202EF44F0084EFBA /* WMMeViewController.h */ = {isa = PBXFileReference; lastKnownFileType = sourcecode.c.h; path = WMMeViewController.h; sourceTree = "<group>"; };
		09B560BE202EF44F0084EFBA /* WMMeViewController.m */ = {isa = PBXFileReference; lastKnownFileType = sourcecode.c.objc; path = WMMeViewController.m; sourceTree = "<group>"; };
		09B560BF202EF44F0084EFBA /* WMMeViewController.xib */ = {isa = PBXFileReference; lastKnownFileType = file.xib; path = WMMeViewController.xib; sourceTree = "<group>"; };
		09B560C2202EF5600084EFBA /* WMBaseNavViewController.h */ = {isa = PBXFileReference; lastKnownFileType = sourcecode.c.h; path = WMBaseNavViewController.h; sourceTree = "<group>"; };
		09B560C3202EF5600084EFBA /* WMBaseNavViewController.m */ = {isa = PBXFileReference; lastKnownFileType = sourcecode.c.objc; path = WMBaseNavViewController.m; sourceTree = "<group>"; };
		09B560C5202FEF8B0084EFBA /* WMLaunchViewController.h */ = {isa = PBXFileReference; lastKnownFileType = sourcecode.c.h; path = WMLaunchViewController.h; sourceTree = "<group>"; };
		09B560C6202FEF8B0084EFBA /* WMLaunchViewController.m */ = {isa = PBXFileReference; lastKnownFileType = sourcecode.c.objc; path = WMLaunchViewController.m; sourceTree = "<group>"; };
		09B560C7202FEF8B0084EFBA /* WMLaunchViewController.xib */ = {isa = PBXFileReference; lastKnownFileType = file.xib; path = WMLaunchViewController.xib; sourceTree = "<group>"; };
		09B560CA20303BD20084EFBA /* WMFouceViewController.h */ = {isa = PBXFileReference; lastKnownFileType = sourcecode.c.h; path = WMFouceViewController.h; sourceTree = "<group>"; };
		09B560CB20303BD20084EFBA /* WMFouceViewController.m */ = {isa = PBXFileReference; lastKnownFileType = sourcecode.c.objc; path = WMFouceViewController.m; sourceTree = "<group>"; };
		09B560CC20303BD20084EFBA /* WMFouceViewController.xib */ = {isa = PBXFileReference; lastKnownFileType = file.xib; path = WMFouceViewController.xib; sourceTree = "<group>"; };
		09B560CF20303BE50084EFBA /* WMHotViewController.h */ = {isa = PBXFileReference; lastKnownFileType = sourcecode.c.h; path = WMHotViewController.h; sourceTree = "<group>"; };
		09B560D020303BE50084EFBA /* WMHotViewController.m */ = {isa = PBXFileReference; lastKnownFileType = sourcecode.c.objc; path = WMHotViewController.m; sourceTree = "<group>"; };
		09B560D120303BE50084EFBA /* WMHotViewController.xib */ = {isa = PBXFileReference; lastKnownFileType = file.xib; path = WMHotViewController.xib; sourceTree = "<group>"; };
		09B560D420303BFC0084EFBA /* WMNearViewController.h */ = {isa = PBXFileReference; lastKnownFileType = sourcecode.c.h; path = WMNearViewController.h; sourceTree = "<group>"; };
		09B560D520303BFC0084EFBA /* WMNearViewController.m */ = {isa = PBXFileReference; lastKnownFileType = sourcecode.c.objc; path = WMNearViewController.m; sourceTree = "<group>"; };
		09B560D620303BFC0084EFBA /* WMNearViewController.xib */ = {isa = PBXFileReference; lastKnownFileType = file.xib; path = WMNearViewController.xib; sourceTree = "<group>"; };
		9F58B853BC4C4DF9FCCBBC7E /* libPods-copyYinke.a */ = {isa = PBXFileReference; explicitFileType = archive.ar; includeInIndex = 0; path = "libPods-copyYinke.a"; sourceTree = BUILT_PRODUCTS_DIR; };
		ACAC993C167F9C824BAF0507 /* Pods-copyYinke.debug.xcconfig */ = {isa = PBXFileReference; includeInIndex = 1; lastKnownFileType = text.xcconfig; name = "Pods-copyYinke.debug.xcconfig"; path = "Pods/Target Support Files/Pods-copyYinke/Pods-copyYinke.debug.xcconfig"; sourceTree = "<group>"; };
		CB30C705DEDF8B95A8235089 /* Pods-copyYinke.release.xcconfig */ = {isa = PBXFileReference; includeInIndex = 1; lastKnownFileType = text.xcconfig; name = "Pods-copyYinke.release.xcconfig"; path = "Pods/Target Support Files/Pods-copyYinke/Pods-copyYinke.release.xcconfig"; sourceTree = "<group>"; };
/* End PBXFileReference section */

/* Begin PBXFrameworksBuildPhase section */
		09B56077202ED1EE0084EFBA /* Frameworks */ = {
			isa = PBXFrameworksBuildPhase;
			buildActionMask = 2147483647;
			files = (
				BDFFFE5FA82DDAB368A8B8DA /* libPods-copyYinke.a in Frameworks */,
			);
			runOnlyForDeploymentPostprocessing = 0;
		};
/* End PBXFrameworksBuildPhase section */

/* Begin PBXGroup section */
		09B56071202ED1EE0084EFBA = {
			isa = PBXGroup;
			children = (
				09B5607C202ED1EE0084EFBA /* copyYinke */,
				09B5607B202ED1EE0084EFBA /* Products */,
				9D92BBA4C934223F93524724 /* Pods */,
				B0ABA56D68270CEF14A73A46 /* Frameworks */,
			);
			sourceTree = "<group>";
		};
		09B5607B202ED1EE0084EFBA /* Products */ = {
			isa = PBXGroup;
			children = (
				09B5607A202ED1EE0084EFBA /* copyYinke.app */,
			);
			name = Products;
			sourceTree = "<group>";
		};
		09B5607C202ED1EE0084EFBA /* copyYinke */ = {
			isa = PBXGroup;
			children = (
				09B56093202ED6DE0084EFBA /* Class */,
				09B5608B202ED1EE0084EFBA /* Info.plist */,
				09B560AC202ED7290084EFBA /* Supporting Files */,
			);
			path = copyYinke;
			sourceTree = "<group>";
		};
		09B56093202ED6DE0084EFBA /* Class */ = {
			isa = PBXGroup;
			children = (
				09B560A9202ED6DE0084EFBA /* Helper */,
				09B5609A202ED6DE0084EFBA /* NetWork */,
				09B5609E202ED6DE0084EFBA /* Libs */,
				09B56094202ED6DE0084EFBA /* Launch */,
				09B56095202ED6DE0084EFBA /* Show */,
				09B5609F202ED6DE0084EFBA /* Me */,
				09B560A4202ED6DE0084EFBA /* Live */,
				09B560AA202ED6DE0084EFBA /* Base */,
				09B5609B202ED6DE0084EFBA /* Other */,
			);
			path = Class;
			sourceTree = "<group>";
		};
		09B56094202ED6DE0084EFBA /* Launch */ = {
			isa = PBXGroup;
			children = (
			);
			path = Launch;
			sourceTree = "<group>";
		};
		09B56095202ED6DE0084EFBA /* Show */ = {
			isa = PBXGroup;
			children = (
				09B56096202ED6DE0084EFBA /* Handler */,
				09B56097202ED6DE0084EFBA /* Model */,
				09B56098202ED6DE0084EFBA /* View */,
				09B56099202ED6DE0084EFBA /* ViewController */,
			);
			path = Show;
			sourceTree = "<group>";
		};
		09B56096202ED6DE0084EFBA /* Handler */ = {
			isa = PBXGroup;
			children = (
			);
			path = Handler;
			sourceTree = "<group>";
		};
		09B56097202ED6DE0084EFBA /* Model */ = {
			isa = PBXGroup;
			children = (
			);
			path = Model;
			sourceTree = "<group>";
		};
		09B56098202ED6DE0084EFBA /* View */ = {
			isa = PBXGroup;
			children = (
			);
			path = View;
			sourceTree = "<group>";
		};
		09B56099202ED6DE0084EFBA /* ViewController */ = {
			isa = PBXGroup;
			children = (
				09B560B8202EF4200084EFBA /* WMShowViewController.h */,
				09B560B9202EF4200084EFBA /* WMShowViewController.m */,
				09B560BA202EF4200084EFBA /* WMShowViewController.xib */,
				09B560CA20303BD20084EFBA /* WMFouceViewController.h */,
				09B560CB20303BD20084EFBA /* WMFouceViewController.m */,
				09B560CC20303BD20084EFBA /* WMFouceViewController.xib */,
				09B560CF20303BE50084EFBA /* WMHotViewController.h */,
				09B560D020303BE50084EFBA /* WMHotViewController.m */,
				09B560D120303BE50084EFBA /* WMHotViewController.xib */,
				09B560D420303BFC0084EFBA /* WMNearViewController.h */,
				09B560D520303BFC0084EFBA /* WMNearViewController.m */,
				09B560D620303BFC0084EFBA /* WMNearViewController.xib */,
			);
			path = ViewController;
			sourceTree = "<group>";
		};
		09B5609A202ED6DE0084EFBA /* NetWork */ = {
			isa = PBXGroup;
			children = (
			);
			path = NetWork;
			sourceTree = "<group>";
		};
		09B5609B202ED6DE0084EFBA /* Other */ = {
			isa = PBXGroup;
			children = (
				09B5609C202ED6DE0084EFBA /* AppDelegate.h */,
				09B5609D202ED6DE0084EFBA /* AppDelegate.m */,
				09B560AD202EDCBD0084EFBA /* yinke.pch */,
				09B560AE202EE50B0084EFBA /* WMMacros.h */,
			);
			path = Other;
			sourceTree = "<group>";
		};
		09B5609E202ED6DE0084EFBA /* Libs */ = {
			isa = PBXGroup;
			children = (
			);
			path = Libs;
			sourceTree = "<group>";
		};
		09B5609F202ED6DE0084EFBA /* Me */ = {
			isa = PBXGroup;
			children = (
				09B560A0202ED6DE0084EFBA /* Handler */,
				09B560A1202ED6DE0084EFBA /* Model */,
				09B560A2202ED6DE0084EFBA /* View */,
				09B560A3202ED6DE0084EFBA /* ViewController */,
			);
			path = Me;
			sourceTree = "<group>";
		};
		09B560A0202ED6DE0084EFBA /* Handler */ = {
			isa = PBXGroup;
			children = (
			);
			path = Handler;
			sourceTree = "<group>";
		};
		09B560A1202ED6DE0084EFBA /* Model */ = {
			isa = PBXGroup;
			children = (
			);
			path = Model;
			sourceTree = "<group>";
		};
		09B560A2202ED6DE0084EFBA /* View */ = {
			isa = PBXGroup;
			children = (
			);
			path = View;
			sourceTree = "<group>";
		};
		09B560A3202ED6DE0084EFBA /* ViewController */ = {
			isa = PBXGroup;
			children = (
				09B560BD202EF44F0084EFBA /* WMMeViewController.h */,
				09B560BE202EF44F0084EFBA /* WMMeViewController.m */,
				09B560BF202EF44F0084EFBA /* WMMeViewController.xib */,
			);
			path = ViewController;
			sourceTree = "<group>";
		};
		09B560A4202ED6DE0084EFBA /* Live */ = {
			isa = PBXGroup;
			children = (
				09B560A5202ED6DE0084EFBA /* Handler */,
				09B560A6202ED6DE0084EFBA /* Model */,
				09B560A7202ED6DE0084EFBA /* View */,
				09B560A8202ED6DE0084EFBA /* ViewController */,
			);
			path = Live;
			sourceTree = "<group>";
		};
		09B560A5202ED6DE0084EFBA /* Handler */ = {
			isa = PBXGroup;
			children = (
			);
			path = Handler;
			sourceTree = "<group>";
		};
		09B560A6202ED6DE0084EFBA /* Model */ = {
			isa = PBXGroup;
			children = (
			);
			path = Model;
			sourceTree = "<group>";
		};
		09B560A7202ED6DE0084EFBA /* View */ = {
			isa = PBXGroup;
			children = (
			);
			path = View;
			sourceTree = "<group>";
		};
		09B560A8202ED6DE0084EFBA /* ViewController */ = {
			isa = PBXGroup;
			children = (
				09B560C5202FEF8B0084EFBA /* WMLaunchViewController.h */,
				09B560C6202FEF8B0084EFBA /* WMLaunchViewController.m */,
				09B560C7202FEF8B0084EFBA /* WMLaunchViewController.xib */,
			);
			path = ViewController;
			sourceTree = "<group>";
		};
		09B560A9202ED6DE0084EFBA /* Helper */ = {
			isa = PBXGroup;
			children = (
			);
			path = Helper;
			sourceTree = "<group>";
		};
		09B560AA202ED6DE0084EFBA /* Base */ = {
			isa = PBXGroup;
			children = (
				09B560AF202EE8EE0084EFBA /* WMTabbarViewController.h */,
				09B560B0202EE8EE0084EFBA /* WMTabbarViewController.m */,
				09B560C2202EF5600084EFBA /* WMBaseNavViewController.h */,
				09B560C3202EF5600084EFBA /* WMBaseNavViewController.m */,
				09B560B5202EF3FC0084EFBA /* WMBaseViewController.h */,
				09B560B6202EF3FC0084EFBA /* WMBaseViewController.m */,
				09B560B2202EE92D0084EFBA /* WMTabbar.h */,
				09B560B3202EE92D0084EFBA /* WMTabbar.m */,
			);
			path = Base;
			sourceTree = "<group>";
		};
		09B560AC202ED7290084EFBA /* Supporting Files */ = {
			isa = PBXGroup;
			children = (
				09B56083202ED1EE0084EFBA /* Main.storyboard */,
				09B56086202ED1EE0084EFBA /* Assets.xcassets */,
				09B56088202ED1EE0084EFBA /* LaunchScreen.storyboard */,
				09B5608C202ED1EE0084EFBA /* main.m */,
			);
			path = "Supporting Files";
			sourceTree = "<group>";
		};
		9D92BBA4C934223F93524724 /* Pods */ = {
			isa = PBXGroup;
			children = (
				ACAC993C167F9C824BAF0507 /* Pods-copyYinke.debug.xcconfig */,
				CB30C705DEDF8B95A8235089 /* Pods-copyYinke.release.xcconfig */,
			);
			name = Pods;
			sourceTree = "<group>";
		};
		B0ABA56D68270CEF14A73A46 /* Frameworks */ = {
			isa = PBXGroup;
			children = (
				9F58B853BC4C4DF9FCCBBC7E /* libPods-copyYinke.a */,
			);
			name = Frameworks;
			sourceTree = "<group>";
		};
/* End PBXGroup section */

/* Begin PBXNativeTarget section */
		09B56079202ED1EE0084EFBA /* copyYinke */ = {
			isa = PBXNativeTarget;
			buildConfigurationList = 09B56090202ED1EE0084EFBA /* Build configuration list for PBXNativeTarget "copyYinke" */;
			buildPhases = (
				7D297C95531C9D382412DEFB /* [CP] Check Pods Manifest.lock */,
				09B56076202ED1EE0084EFBA /* Sources */,
				09B56077202ED1EE0084EFBA /* Frameworks */,
				09B56078202ED1EE0084EFBA /* Resources */,
				9A630368DD6E6E243F7A5CCF /* [CP] Embed Pods Frameworks */,
				FB94CC069532CAE9A2F32AF3 /* [CP] Copy Pods Resources */,
			);
			buildRules = (
			);
			dependencies = (
			);
			name = copyYinke;
			productName = copyYinke;
			productReference = 09B5607A202ED1EE0084EFBA /* copyYinke.app */;
			productType = "com.apple.product-type.application";
		};
/* End PBXNativeTarget section */

/* Begin PBXProject section */
		09B56072202ED1EE0084EFBA /* Project object */ = {
			isa = PBXProject;
			attributes = {
				CLASSPREFIX = WM;
				LastUpgradeCheck = 0920;
				ORGANIZATIONNAME = "王网明";
				TargetAttributes = {
					09B56079202ED1EE0084EFBA = {
						CreatedOnToolsVersion = 9.2;
						ProvisioningStyle = Automatic;
					};
				};
			};
			buildConfigurationList = 09B56075202ED1EE0084EFBA /* Build configuration list for PBXProject "copyYinke" */;
			compatibilityVersion = "Xcode 8.0";
			developmentRegion = en;
			hasScannedForEncodings = 0;
			knownRegions = (
				en,
				Base,
			);
			mainGroup = 09B56071202ED1EE0084EFBA;
			productRefGroup = 09B5607B202ED1EE0084EFBA /* Products */;
			projectDirPath = "";
			projectRoot = "";
			targets = (
				09B56079202ED1EE0084EFBA /* copyYinke */,
			);
		};
/* End PBXProject section */

/* Begin PBXResourcesBuildPhase section */
		09B56078202ED1EE0084EFBA /* Resources */ = {
			isa = PBXResourcesBuildPhase;
			buildActionMask = 2147483647;
			files = (
				09B5608A202ED1EE0084EFBA /* LaunchScreen.storyboard in Resources */,
				09B560BC202EF4200084EFBA /* WMShowViewController.xib in Resources */,
				09B560C1202EF44F0084EFBA /* WMMeViewController.xib in Resources */,
				09B56087202ED1EE0084EFBA /* Assets.xcassets in Resources */,
				09B56085202ED1EE0084EFBA /* Main.storyboard in Resources */,
				09B560CE20303BD20084EFBA /* WMFouceViewController.xib in Resources */,
				09B560D820303BFC0084EFBA /* WMNearViewController.xib in Resources */,
				09B560D320303BE50084EFBA /* WMHotViewController.xib in Resources */,
				09B560C9202FEF8B0084EFBA /* WMLaunchViewController.xib in Resources */,
			);
			runOnlyForDeploymentPostprocessing = 0;
		};
/* End PBXResourcesBuildPhase section */

/* Begin PBXShellScriptBuildPhase section */
		7D297C95531C9D382412DEFB /* [CP] Check Pods Manifest.lock */ = {
			isa = PBXShellScriptBuildPhase;
			buildActionMask = 2147483647;
			files = (
			);
			inputPaths = (
				"${PODS_PODFILE_DIR_PATH}/Podfile.lock",
				"${PODS_ROOT}/Manifest.lock",
			);
			name = "[CP] Check Pods Manifest.lock";
			outputPaths = (
				"$(DERIVED_FILE_DIR)/Pods-copyYinke-checkManifestLockResult.txt",
			);
			runOnlyForDeploymentPostprocessing = 0;
			shellPath = /bin/sh;
			shellScript = "diff \"${PODS_PODFILE_DIR_PATH}/Podfile.lock\" \"${PODS_ROOT}/Manifest.lock\" > /dev/null\nif [ $? != 0 ] ; then\n    # print error to STDERR\n    echo \"error: The sandbox is not in sync with the Podfile.lock. Run 'pod install' or update your CocoaPods installation.\" >&2\n    exit 1\nfi\n# This output is used by Xcode 'outputs' to avoid re-running this script phase.\necho \"SUCCESS\" > \"${SCRIPT_OUTPUT_FILE_0}\"\n";
			showEnvVarsInLog = 0;
		};
		9A630368DD6E6E243F7A5CCF /* [CP] Embed Pods Frameworks */ = {
			isa = PBXShellScriptBuildPhase;
			buildActionMask = 2147483647;
			files = (
			);
			inputPaths = (
			);
			name = "[CP] Embed Pods Frameworks";
			outputPaths = (
			);
			runOnlyForDeploymentPostprocessing = 0;
			shellPath = /bin/sh;
			shellScript = "\"${SRCROOT}/Pods/Target Support Files/Pods-copyYinke/Pods-copyYinke-frameworks.sh\"\n";
			showEnvVarsInLog = 0;
		};
		FB94CC069532CAE9A2F32AF3 /* [CP] Copy Pods Resources */ = {
			isa = PBXShellScriptBuildPhase;
			buildActionMask = 2147483647;
			files = (
			);
			inputPaths = (
			);
			name = "[CP] Copy Pods Resources";
			outputPaths = (
			);
			runOnlyForDeploymentPostprocessing = 0;
			shellPath = /bin/sh;
			shellScript = "\"${SRCROOT}/Pods/Target Support Files/Pods-copyYinke/Pods-copyYinke-resources.sh\"\n";
			showEnvVarsInLog = 0;
		};
/* End PBXShellScriptBuildPhase section */

/* Begin PBXSourcesBuildPhase section */
		09B56076202ED1EE0084EFBA /* Sources */ = {
			isa = PBXSourcesBuildPhase;
			buildActionMask = 2147483647;
			files = (
				09B560AB202ED6DE0084EFBA /* AppDelegate.m in Sources */,
				09B560BB202EF4200084EFBA /* WMShowViewController.m in Sources */,
				09B560D720303BFC0084EFBA /* WMNearViewController.m in Sources */,
				09B560C0202EF44F0084EFBA /* WMMeViewController.m in Sources */,
				09B560B7202EF3FC0084EFBA /* WMBaseViewController.m in Sources */,
				09B560B4202EE92D0084EFBA /* WMTabbar.m in Sources */,
				09B5608D202ED1EE0084EFBA /* main.m in Sources */,
				09B560D220303BE50084EFBA /* WMHotViewController.m in Sources */,
				09B560C8202FEF8B0084EFBA /* WMLaunchViewController.m in Sources */,
				09B560CD20303BD20084EFBA /* WMFouceViewController.m in Sources */,
				09B560B1202EE8EE0084EFBA /* WMTabbarViewController.m in Sources */,
				09B560C4202EF5600084EFBA /* WMBaseNavViewController.m in Sources */,
			);
			runOnlyForDeploymentPostprocessing = 0;
		};
/* End PBXSourcesBuildPhase section */

/* Begin PBXVariantGroup section */
		09B56083202ED1EE0084EFBA /* Main.storyboard */ = {
			isa = PBXVariantGroup;
			children = (
				09B56084202ED1EE0084EFBA /* Base */,
			);
			name = Main.storyboard;
			sourceTree = "<group>";
		};
		09B56088202ED1EE0084EFBA /* LaunchScreen.storyboard */ = {
			isa = PBXVariantGroup;
			children = (
				09B56089202ED1EE0084EFBA /* Base */,
			);
			name = LaunchScreen.storyboard;
			sourceTree = "<group>";
		};
/* End PBXVariantGroup section */

/* Begin XCBuildConfiguration section */
		09B5608E202ED1EE0084EFBA /* Debug */ = {
			isa = XCBuildConfiguration;
			buildSettings = {
				ALWAYS_SEARCH_USER_PATHS = NO;
				CLANG_ANALYZER_NONNULL = YES;
				CLANG_ANALYZER_NUMBER_OBJECT_CONVERSION = YES_AGGRESSIVE;
				CLANG_CXX_LANGUAGE_STANDARD = "gnu++14";
				CLANG_CXX_LIBRARY = "libc++";
				CLANG_ENABLE_MODULES = YES;
				CLANG_ENABLE_OBJC_ARC = YES;
				CLANG_WARN_BLOCK_CAPTURE_AUTORELEASING = YES;
				CLANG_WARN_BOOL_CONVERSION = YES;
				CLANG_WARN_COMMA = YES;
				CLANG_WARN_CONSTANT_CONVERSION = YES;
				CLANG_WARN_DIRECT_OBJC_ISA_USAGE = YES_ERROR;
				CLANG_WARN_DOCUMENTATION_COMMENTS = YES;
				CLANG_WARN_EMPTY_BODY = YES;
				CLANG_WARN_ENUM_CONVERSION = YES;
				CLANG_WARN_INFINITE_RECURSION = YES;
				CLANG_WARN_INT_CONVERSION = YES;
				CLANG_WARN_NON_LITERAL_NULL_CONVERSION = YES;
				CLANG_WARN_OBJC_LITERAL_CONVERSION = YES;
				CLANG_WARN_OBJC_ROOT_CLASS = YES_ERROR;
				CLANG_WARN_RANGE_LOOP_ANALYSIS = YES;
				CLANG_WARN_STRICT_PROTOTYPES = YES;
				CLANG_WARN_SUSPICIOUS_MOVE = YES;
				CLANG_WARN_UNGUARDED_AVAILABILITY = YES_AGGRESSIVE;
				CLANG_WARN_UNREACHABLE_CODE = YES;
				CLANG_WARN__DUPLICATE_METHOD_MATCH = YES;
				CODE_SIGN_IDENTITY = "iPhone Developer";
				COPY_PHASE_STRIP = NO;
				DEBUG_INFORMATION_FORMAT = dwarf;
				ENABLE_STRICT_OBJC_MSGSEND = YES;
				ENABLE_TESTABILITY = YES;
				GCC_C_LANGUAGE_STANDARD = gnu11;
				GCC_DYNAMIC_NO_PIC = NO;
				GCC_NO_COMMON_BLOCKS = YES;
				GCC_OPTIMIZATION_LEVEL = 0;
				GCC_PREPROCESSOR_DEFINITIONS = (
					"DEBUG=1",
					"$(inherited)",
				);
				GCC_WARN_64_TO_32_BIT_CONVERSION = YES;
				GCC_WARN_ABOUT_RETURN_TYPE = YES_ERROR;
				GCC_WARN_UNDECLARED_SELECTOR = YES;
				GCC_WARN_UNINITIALIZED_AUTOS = YES_AGGRESSIVE;
				GCC_WARN_UNUSED_FUNCTION = YES;
				GCC_WARN_UNUSED_VARIABLE = YES;
				IPHONEOS_DEPLOYMENT_TARGET = 11.2;
				MTL_ENABLE_DEBUG_INFO = YES;
				ONLY_ACTIVE_ARCH = YES;
				SDKROOT = iphoneos;
			};
			name = Debug;
		};
		09B5608F202ED1EE0084EFBA /* Release */ = {
			isa = XCBuildConfiguration;
			buildSettings = {
				ALWAYS_SEARCH_USER_PATHS = NO;
				CLANG_ANALYZER_NONNULL = YES;
				CLANG_ANALYZER_NUMBER_OBJECT_CONVERSION = YES_AGGRESSIVE;
				CLANG_CXX_LANGUAGE_STANDARD = "gnu++14";
				CLANG_CXX_LIBRARY = "libc++";
				CLANG_ENABLE_MODULES = YES;
				CLANG_ENABLE_OBJC_ARC = YES;
				CLANG_WARN_BLOCK_CAPTURE_AUTORELEASING = YES;
				CLANG_WARN_BOOL_CONVERSION = YES;
				CLANG_WARN_COMMA = YES;
				CLANG_WARN_CONSTANT_CONVERSION = YES;
				CLANG_WARN_DIRECT_OBJC_ISA_USAGE = YES_ERROR;
				CLANG_WARN_DOCUMENTATION_COMMENTS = YES;
				CLANG_WARN_EMPTY_BODY = YES;
				CLANG_WARN_ENUM_CONVERSION = YES;
				CLANG_WARN_INFINITE_RECURSION = YES;
				CLANG_WARN_INT_CONVERSION = YES;
				CLANG_WARN_NON_LITERAL_NULL_CONVERSION = YES;
				CLANG_WARN_OBJC_LITERAL_CONVERSION = YES;
				CLANG_WARN_OBJC_ROOT_CLASS = YES_ERROR;
				CLANG_WARN_RANGE_LOOP_ANALYSIS = YES;
				CLANG_WARN_STRICT_PROTOTYPES = YES;
				CLANG_WARN_SUSPICIOUS_MOVE = YES;
				CLANG_WARN_UNGUARDED_AVAILABILITY = YES_AGGRESSIVE;
				CLANG_WARN_UNREACHABLE_CODE = YES;
				CLANG_WARN__DUPLICATE_METHOD_MATCH = YES;
				CODE_SIGN_IDENTITY = "iPhone Developer";
				COPY_PHASE_STRIP = NO;
				DEBUG_INFORMATION_FORMAT = "dwarf-with-dsym";
				ENABLE_NS_ASSERTIONS = NO;
				ENABLE_STRICT_OBJC_MSGSEND = YES;
				GCC_C_LANGUAGE_STANDARD = gnu11;
				GCC_NO_COMMON_BLOCKS = YES;
				GCC_WARN_64_TO_32_BIT_CONVERSION = YES;
				GCC_WARN_ABOUT_RETURN_TYPE = YES_ERROR;
				GCC_WARN_UNDECLARED_SELECTOR = YES;
				GCC_WARN_UNINITIALIZED_AUTOS = YES_AGGRESSIVE;
				GCC_WARN_UNUSED_FUNCTION = YES;
				GCC_WARN_UNUSED_VARIABLE = YES;
				IPHONEOS_DEPLOYMENT_TARGET = 11.2;
				MTL_ENABLE_DEBUG_INFO = NO;
				SDKROOT = iphoneos;
				VALIDATE_PRODUCT = YES;
			};
			name = Release;
		};
		09B56091202ED1EE0084EFBA /* Debug */ = {
			isa = XCBuildConfiguration;
			baseConfigurationReference = ACAC993C167F9C824BAF0507 /* Pods-copyYinke.debug.xcconfig */;
			buildSettings = {
				ASSETCATALOG_COMPILER_APPICON_NAME = AppIcon;
				ASSETCATALOG_COMPILER_LAUNCHIMAGE_NAME = LaunchImage;
				CODE_SIGN_STYLE = Automatic;
				DEVELOPMENT_TEAM = VXKFBANQ79;
				GCC_PREFIX_HEADER = "$(SRCROOT)/copyYinke/Class/Other/yinke.pch";
				INFOPLIST_FILE = copyYinke/Info.plist;
				LD_RUNPATH_SEARCH_PATHS = "$(inherited) @executable_path/Frameworks";
				PRODUCT_BUNDLE_IDENTIFIER = com.cgb100.copyYinke;
				PRODUCT_NAME = "$(TARGET_NAME)";
				TARGETED_DEVICE_FAMILY = "1,2";
			};
			name = Debug;
		};
		09B56092202ED1EE0084EFBA /* Release */ = {
			isa = XCBuildConfiguration;
			baseConfigurationReference = CB30C705DEDF8B95A8235089 /* Pods-copyYinke.release.xcconfig */;
			buildSettings = {
				ASSETCATALOG_COMPILER_APPICON_NAME = AppIcon;
				ASSETCATALOG_COMPILER_LAUNCHIMAGE_NAME = LaunchImage;
				CODE_SIGN_STYLE = Automatic;
				DEVELOPMENT_TEAM = VXKFBANQ79;
				GCC_PREFIX_HEADER = "$(SRCROOT)/copyYinke/Class/Other/yinke.pch";
				INFOPLIST_FILE = copyYinke/Info.plist;
				LD_RUNPATH_SEARCH_PATHS = "$(inherited) @executable_path/Frameworks";
				PRODUCT_BUNDLE_IDENTIFIER = com.cgb100.copyYinke;
				PRODUCT_NAME = "$(TARGET_NAME)";
				TARGETED_DEVICE_FAMILY = "1,2";
			};
			name = Release;
		};
/* End XCBuildConfiguration section */

/* Begin XCConfigurationList section */
		09B56075202ED1EE0084EFBA /* Build configuration list for PBXProject "copyYinke" */ = {
			isa = XCConfigurationList;
			buildConfigurations = (
				09B5608E202ED1EE0084EFBA /* Debug */,
				09B5608F202ED1EE0084EFBA /* Release */,
			);
			defaultConfigurationIsVisible = 0;
			defaultConfigurationName = Release;
		};
		09B56090202ED1EE0084EFBA /* Build configuration list for PBXNativeTarget "copyYinke" */ = {
			isa = XCConfigurationList;
			buildConfigurations = (
				09B56091202ED1EE0084EFBA /* Debug */,
				09B56092202ED1EE0084EFBA /* Release */,
			);
			defaultConfigurationIsVisible = 0;
			defaultConfigurationName = Release;
		};
/* End XCConfigurationList section */
	};
	rootObject = 09B56072202ED1EE0084EFBA /* Project object */;
}
